// !$*UTF8*$!
{
	archiveVersion = 1;
	classes = {
	};
	objectVersion = 77;
	objects = {

/* Begin PBXContainerItemProxy section */
		474224E42EEB3B8900849E5E /* PBXContainerItemProxy */ = {
			isa = PBXContainerItemProxy;
			containerPortal = 474224CE2EEB3B8700849E5E /* Project object */;
			proxyType = 1;
			remoteGlobalIDString = 474224D52EEB3B8700849E5E;
			remoteInfo = SivaTestResult;
		};
		474224EE2EEB3B8A00849E5E /* PBXContainerItemProxy */ = {
			isa = PBXContainerItemProxy;
			containerPortal = 474224CE2EEB3B8700849E5E /* Project object */;
			proxyType = 1;
			remoteGlobalIDString = 474224D52EEB3B8700849E5E;
			remoteInfo = SivaTestResult;
		};
/* End PBXContainerItemProxy section */

/* Begin PBXFileReference section */
		474224D62EEB3B8700849E5E /* SivaTestResult.app */ = {isa = PBXFileReference; explicitFileType = wrapper.application; includeInIndex = 0; path = SivaTestResult.app; sourceTree = BUILT_PRODUCTS_DIR; };
		474224E32EEB3B8900849E5E /* SivaTestResultTests.xctest */ = {isa = PBXFileReference; explicitFileType = wrapper.cfbundle; includeInIndex = 0; path = SivaTestResultTests.xctest; sourceTree = BUILT_PRODUCTS_DIR; };
		474224ED2EEB3B8A00849E5E /* SivaTestResultUITests.xctest */ = {isa = PBXFileReference; explicitFileType = wrapper.cfbundle; includeInIndex = 0; path = SivaTestResultUITests.xctest; sourceTree = BUILT_PRODUCTS_DIR; };
/* End PBXFileReference section */

/* Begin PBXFileSystemSynchronizedRootGroup section */
		474224D82EEB3B8700849E5E /* SivaTestResult */ = {
			isa = PBXFileSystemSynchronizedRootGroup;
			path = SivaTestResult;
			sourceTree = "<group>";
		};
		474224E62EEB3B8900849E5E /* SivaTestResultTests */ = {
			isa = PBXFileSystemSynchronizedRootGroup;
			path = SivaTestResultTests;
			sourceTree = "<group>";
		};
		474224F02EEB3B8A00849E5E /* SivaTestResultUITests */ = {
			isa = PBXFileSystemSynchronizedRootGroup;
			path = SivaTestResultUITests;
			sourceTree = "<group>";
		};
/* End PBXFileSystemSynchronizedRootGroup section */

/* Begin PBXFrameworksBuildPhase section */
		474224D32EEB3B8700849E5E /* Frameworks */ = {
			isa = PBXFrameworksBuildPhase;
			buildActionMask = 2147483647;
			files = (
			);
			runOnlyForDeploymentPostprocessing = 0;
		};
		474224E02EEB3B8900849E5E /* Frameworks */ = {
			isa = PBXFrameworksBuildPhase;
			buildActionMask = 2147483647;
			files = (
			);
			runOnlyForDeploymentPostprocessing = 0;
		};
		474224EA2EEB3B8A00849E5E /* Frameworks */ = {
			isa = PBXFrameworksBuildPhase;
			buildActionMask = 2147483647;
			files = (
			);
			runOnlyForDeploymentPostprocessing = 0;
		};
/* End PBXFrameworksBuildPhase section */

/* Begin PBXGroup section */
		474224CD2EEB3B8700849E5E = {
			isa = PBXGroup;
			children = (
				474224D82EEB3B8700849E5E /* SivaTestResult */,
				474224E62EEB3B8900849E5E /* SivaTestResultTests */,
				474224F02EEB3B8A00849E5E /* SivaTestResultUITests */,
				474224D72EEB3B8700849E5E /* Products */,
			);
			sourceTree = "<group>";
		};
		474224D72EEB3B8700849E5E /* Products */ = {
			isa = PBXGroup;
			children = (
				474224D62EEB3B8700849E5E /* SivaTestResult.app */,
				474224E32EEB3B8900849E5E /* SivaTestResultTests.xctest */,
				474224ED2EEB3B8A00849E5E /* SivaTestResultUITests.xctest */,
			);
			name = Products;
			sourceTree = "<group>";
		};
/* End PBXGroup section */

/* Begin PBXNativeTarget section */
		474224D52EEB3B8700849E5E /* SivaTestResult */ = {
			isa = PBXNativeTarget;
			buildConfigurationList = 474224F72EEB3B8A00849E5E /* Build configuration list for PBXNativeTarget "SivaTestResult" */;
			buildPhases = (
				474224D22EEB3B8700849E5E /* Sources */,
				474224D32EEB3B8700849E5E /* Frameworks */,
				474224D42EEB3B8700849E5E /* Resources */,
			);
			buildRules = (
			);
			dependencies = (
			);
			fileSystemSynchronizedGroups = (
				474224D82EEB3B8700849E5E /* SivaTestResult */,
			);
			name = SivaTestResult;
			packageProductDependencies = (
			);
			productName = SivaTestResult;
			productReference = 474224D62EEB3B8700849E5E /* SivaTestResult.app */;
			productType = "com.apple.product-type.application";
		};
		474224E22EEB3B8900849E5E /* SivaTestResultTests */ = {
			isa = PBXNativeTarget;
			buildConfigurationList = 474224FA2EEB3B8A00849E5E /* Build configuration list for PBXNativeTarget "SivaTestResultTests" */;
			buildPhases = (
				474224DF2EEB3B8900849E5E /* Sources */,
				474224E02EEB3B8900849E5E /* Frameworks */,
				474224E12EEB3B8900849E5E /* Resources */,
			);
			buildRules = (
			);
			dependencies = (
				474224E52EEB3B8900849E5E /* PBXTargetDependency */,
			);
			fileSystemSynchronizedGroups = (
				474224E62EEB3B8900849E5E /* SivaTestResultTests */,
			);
			name = SivaTestResultTests;
			packageProductDependencies = (
			);
			productName = SivaTestResultTests;
			productReference = 474224E32EEB3B8900849E5E /* SivaTestResultTests.xctest */;
			productType = "com.apple.product-type.bundle.unit-test";
		};
		474224EC2EEB3B8A00849E5E /* SivaTestResultUITests */ = {
			isa = PBXNativeTarget;
			buildConfigurationList = 474224FD2EEB3B8A00849E5E /* Build configuration list for PBXNativeTarget "SivaTestResultUITests" */;
			buildPhases = (
				474224E92EEB3B8A00849E5E /* Sources */,
				474224EA2EEB3B8A00849E5E /* Frameworks */,
				474224EB2EEB3B8A00849E5E /* Resources */,
			);
			buildRules = (
			);
			dependencies = (
				474224EF2EEB3B8A00849E5E /* PBXTargetDependency */,
			);
			fileSystemSynchronizedGroups = (
				474224F02EEB3B8A00849E5E /* SivaTestResultUITests */,
			);
			name = SivaTestResultUITests;
			packageProductDependencies = (
			);
			productName = SivaTestResultUITests;
			productReference = 474224ED2EEB3B8A00849E5E /* SivaTestResultUITests.xctest */;
			productType = "com.apple.product-type.bundle.ui-testing";
		};
/* End PBXNativeTarget section */

/* Begin PBXProject section */
		474224CE2EEB3B8700849E5E /* Project object */ = {
			isa = PBXProject;
			attributes = {
				BuildIndependentTargetsInParallel = 1;
				LastSwiftUpdateCheck = 1630;
				LastUpgradeCheck = 1630;
				TargetAttributes = {
					474224D52EEB3B8700849E5E = {
						CreatedOnToolsVersion = 16.3;
					};
					474224E22EEB3B8900849E5E = {
						CreatedOnToolsVersion = 16.3;
						TestTargetID = 474224D52EEB3B8700849E5E;
					};
					474224EC2EEB3B8A00849E5E = {
						CreatedOnToolsVersion = 16.3;
						TestTargetID = 474224D52EEB3B8700849E5E;
					};
				};
			};
			buildConfigurationList = 474224D12EEB3B8700849E5E /* Build configuration list for PBXProject "SivaTestResult" */;
			developmentRegion = en;
			hasScannedForEncodings = 0;
			knownRegions = (
				en,
				Base,
			);
			mainGroup = 474224CD2EEB3B8700849E5E;
			minimizedProjectReferenceProxies = 1;
			preferredProjectObjectVersion = 77;
			productRefGroup = 474224D72EEB3B8700849E5E /* Products */;
			projectDirPath = "";
			projectRoot = "";
			targets = (
				474224D52EEB3B8700849E5E /* SivaTestResult */,
				474224E22EEB3B8900849E5E /* SivaTestResultTests */,
				474224EC2EEB3B8A00849E5E /* SivaTestResultUITests */,
			);
		};
/* End PBXProject section */

/* Begin PBXResourcesBuildPhase section */
		474224D42EEB3B8700849E5E /* Resources */ = {
			isa = PBXResourcesBuildPhase;
			buildActionMask = 2147483647;
			files = (
			);
			runOnlyForDeploymentPostprocessing = 0;
		};
		474224E12EEB3B8900849E5E /* Resources */ = {
			isa = PBXResourcesBuildPhase;
			buildActionMask = 2147483647;
			files = (
			);
			runOnlyForDeploymentPostprocessing = 0;
		};
		474224EB2EEB3B8A00849E5E /* Resources */ = {
			isa = PBXResourcesBuildPhase;
			buildActionMask = 2147483647;
			files = (
			);
			runOnlyForDeploymentPostprocessing = 0;
		};
/* End PBXResourcesBuildPhase section */

/* Begin PBXSourcesBuildPhase section */
		474224D22EEB3B8700849E5E /* Sources */ = {
			isa = PBXSourcesBuildPhase;
			buildActionMask = 2147483647;
			files = (
			);
			runOnlyForDeploymentPostprocessing = 0;
		};
		474224DF2EEB3B8900849E5E /* Sources */ = {
			isa = PBXSourcesBuildPhase;
			buildActionMask = 2147483647;
			files = (
			);
			runOnlyForDeploymentPostprocessing = 0;
		};
		474224E92EEB3B8A00849E5E /* Sources */ = {
			isa = PBXSourcesBuildPhase;
			buildActionMask = 2147483647;
			files = (
			);
			runOnlyForDeploymentPostprocessing = 0;
		};
/* End PBXSourcesBuildPhase section */

/* Begin PBXTargetDependency section */
		474224E52EEB3B8900849E5E /* PBXTargetDependency */ = {
			isa = PBXTargetDependency;
			target = 474224D52EEB3B8700849E5E /* SivaTestResult */;
			targetProxy = 474224E42EEB3B8900849E5E /* PBXContainerItemProxy */;
		};
		474224EF2EEB3B8A00849E5E /* PBXTargetDependency */ = {
			isa = PBXTargetDependency;
			target = 474224D52EEB3B8700849E5E /* SivaTestResult */;
			targetProxy = 474224EE2EEB3B8A00849E5E /* PBXContainerItemProxy */;
		};
/* End PBXTargetDependency section */

/* Begin XCBuildConfiguration section */
		474224F52EEB3B8A00849E5E /* Debug */ = {
			isa = XCBuildConfiguration;
			buildSettings = {
				ALWAYS_SEARCH_USER_PATHS = NO;
				ASSETCATALOG_COMPILER_GENERATE_SWIFT_ASSET_SYMBOL_EXTENSIONS = YES;
				CLANG_ANALYZER_NONNULL = YES;
				CLANG_ANALYZER_NUMBER_OBJECT_CONVERSION = YES_AGGRESSIVE;
				CLANG_CXX_LANGUAGE_STANDARD = "gnu++20";
				CLANG_ENABLE_MODULES = YES;
				CLANG_ENABLE_OBJC_ARC = YES;
				CLANG_ENABLE_OBJC_WEAK = YES;
				CLANG_WARN_BLOCK_CAPTURE_AUTORELEASING = YES;
				CLANG_WARN_BOOL_CONVERSION = YES;
				CLANG_WARN_COMMA = YES;
				CLANG_WARN_CONSTANT_CONVERSION = YES;
				CLANG_WARN_DEPRECATED_OBJC_IMPLEMENTATIONS = YES;
				CLANG_WARN_DIRECT_OBJC_ISA_USAGE = YES_ERROR;
				CLANG_WARN_DOCUMENTATION_COMMENTS = YES;
				CLANG_WARN_EMPTY_BODY = YES;
				CLANG_WARN_ENUM_CONVERSION = YES;
				CLANG_WARN_INFINITE_RECURSION = YES;
				CLANG_WARN_INT_CONVERSION = YES;
				CLANG_WARN_NON_LITERAL_NULL_CONVERSION = YES;
				CLANG_WARN_OBJC_IMPLICIT_RETAIN_SELF = YES;
				CLANG_WARN_OBJC_LITERAL_CONVERSION = YES;
				CLANG_WARN_OBJC_ROOT_CLASS = YES_ERROR;
				CLANG_WARN_QUOTED_INCLUDE_IN_FRAMEWORK_HEADER = YES;
				CLANG_WARN_RANGE_LOOP_ANALYSIS = YES;
				CLANG_WARN_STRICT_PROTOTYPES = YES;
				CLANG_WARN_SUSPICIOUS_MOVE = YES;
				CLANG_WARN_UNGUARDED_AVAILABILITY = YES_AGGRESSIVE;
				CLANG_WARN_UNREACHABLE_CODE = YES;
				CLANG_WARN__DUPLICATE_METHOD_MATCH = YES;
				COPY_PHASE_STRIP = NO;
				DEBUG_INFORMATION_FORMAT = dwarf;
				ENABLE_STRICT_OBJC_MSGSEND = YES;
				ENABLE_TESTABILITY = YES;
				ENABLE_USER_SCRIPT_SANDBOXING = YES;
				GCC_C_LANGUAGE_STANDARD = gnu17;
				GCC_DYNAMIC_NO_PIC = NO;
				GCC_NO_COMMON_BLOCKS = YES;
				GCC_OPTIMIZATION_LEVEL = 0;
				GCC_PREPROCESSOR_DEFINITIONS = (
					"DEBUG=1",
					"$(inherited)",
				);
				GCC_WARN_64_TO_32_BIT_CONVERSION = YES;
				GCC_WARN_ABOUT_RETURN_TYPE = YES_ERROR;
				GCC_WARN_UNDECLARED_SELECTOR = YES;
				GCC_WARN_UNINITIALIZED_AUTOS = YES_AGGRESSIVE;
				GCC_WARN_UNUSED_FUNCTION = YES;
				GCC_WARN_UNUSED_VARIABLE = YES;
				IPHONEOS_DEPLOYMENT_TARGET = 18.4;
				LOCALIZATION_PREFERS_STRING_CATALOGS = YES;
				MTL_ENABLE_DEBUG_INFO = INCLUDE_SOURCE;
				MTL_FAST_MATH = YES;
				ONLY_ACTIVE_ARCH = YES;
				SDKROOT = iphoneos;
				SWIFT_ACTIVE_COMPILATION_CONDITIONS = "DEBUG $(inherited)";
				SWIFT_OPTIMIZATION_LEVEL = "-Onone";
			};
			name = Debug;
		};
		474224F62EEB3B8A00849E5E /* Release */ = {
			isa = XCBuildConfiguration;
			buildSettings = {
				ALWAYS_SEARCH_USER_PATHS = NO;
				ASSETCATALOG_COMPILER_GENERATE_SWIFT_ASSET_SYMBOL_EXTENSIONS = YES;
				CLANG_ANALYZER_NONNULL = YES;
				CLANG_ANALYZER_NUMBER_OBJECT_CONVERSION = YES_AGGRESSIVE;
				CLANG_CXX_LANGUAGE_STANDARD = "gnu++20";
				CLANG_ENABLE_MODULES = YES;
				CLANG_ENABLE_OBJC_ARC = YES;
				CLANG_ENABLE_OBJC_WEAK = YES;
				CLANG_WARN_BLOCK_CAPTURE_AUTORELEASING = YES;
				CLANG_WARN_BOOL_CONVERSION = YES;
				CLANG_WARN_COMMA = YES;
				CLANG_WARN_CONSTANT_CONVERSION = YES;
				CLANG_WARN_DEPRECATED_OBJC_IMPLEMENTATIONS = YES;
				CLANG_WARN_DIRECT_OBJC_ISA_USAGE = YES_ERROR;
				CLANG_WARN_DOCUMENTATION_COMMENTS = YES;
				CLANG_WARN_EMPTY_BODY = YES;
				CLANG_WARN_ENUM_CONVERSION = YES;
				CLANG_WARN_INFINITE_RECURSION = YES;
				CLANG_WARN_INT_CONVERSION = YES;
				CLANG_WARN_NON_LITERAL_NULL_CONVERSION = YES;
				CLANG_WARN_OBJC_IMPLICIT_RETAIN_SELF = YES;
				CLANG_WARN_OBJC_LITERAL_CONVERSION = YES;
				CLANG_WARN_OBJC_ROOT_CLASS = YES_ERROR;
				CLANG_WARN_QUOTED_INCLUDE_IN_FRAMEWORK_HEADER = YES;
				CLANG_WARN_RANGE_LOOP_ANALYSIS = YES;
				CLANG_WARN_STRICT_PROTOTYPES = YES;
				CLANG_WARN_SUSPICIOUS_MOVE = YES;
				CLANG_WARN_UNGUARDED_AVAILABILITY = YES_AGGRESSIVE;
				CLANG_WARN_UNREACHABLE_CODE = YES;
				CLANG_WARN__DUPLICATE_METHOD_MATCH = YES;
				COPY_PHASE_STRIP = NO;
				DEBUG_INFORMATION_FORMAT = "dwarf-with-dsym";
				ENABLE_NS_ASSERTIONS = NO;
				ENABLE_STRICT_OBJC_MSGSEND = YES;
				ENABLE_USER_SCRIPT_SANDBOXING = YES;
				GCC_C_LANGUAGE_STANDARD = gnu17;
				GCC_NO_COMMON_BLOCKS = YES;
				GCC_WARN_64_TO_32_BIT_CONVERSION = YES;
				GCC_WARN_ABOUT_RETURN_TYPE = YES_ERROR;
				GCC_WARN_UNDECLARED_SELECTOR = YES;
				GCC_WARN_UNINITIALIZED_AUTOS = YES_AGGRESSIVE;
				GCC_WARN_UNUSED_FUNCTION = YES;
				GCC_WARN_UNUSED_VARIABLE = YES;
				IPHONEOS_DEPLOYMENT_TARGET = 18.4;
				LOCALIZATION_PREFERS_STRING_CATALOGS = YES;
				MTL_ENABLE_DEBUG_INFO = NO;
				MTL_FAST_MATH = YES;
				SDKROOT = iphoneos;
				SWIFT_COMPILATION_MODE = wholemodule;
				VALIDATE_PRODUCT = YES;
			};
			name = Release;
		};
		474224F82EEB3B8A00849E5E /* Debug */ = {
			isa = XCBuildConfiguration;
			buildSettings = {
				ASSETCATALOG_COMPILER_APPICON_NAME = AppIcon;
				ASSETCATALOG_COMPILER_GLOBAL_ACCENT_COLOR_NAME = AccentColor;
				CODE_SIGN_STYLE = Automatic;
				CURRENT_PROJECT_VERSION = 1;
				ENABLE_PREVIEWS = YES;
				GENERATE_INFOPLIST_FILE = YES;
				INFOPLIST_KEY_UIApplicationSceneManifest_Generation = YES;
				INFOPLIST_KEY_UIApplicationSupportsIndirectInputEvents = YES;
				INFOPLIST_KEY_UILaunchScreen_Generation = YES;
				INFOPLIST_KEY_UISupportedInterfaceOrientations_iPad = "UIInterfaceOrientationPortrait UIInterfaceOrientationPortraitUpsideDown UIInterfaceOrientationLandscapeLeft UIInterfaceOrientationLandscapeRight";
				INFOPLIST_KEY_UISupportedInterfaceOrientations_iPhone = "UIInterfaceOrientationPortrait UIInterfaceOrientationLandscapeLeft UIInterfaceOrientationLandscapeRight";
				LD_RUNPATH_SEARCH_PATHS = (
					"$(inherited)",
					"@executable_path/Frameworks",
				);
				MARKETING_VERSION = 1.0;
				PRODUCT_BUNDLE_IDENTIFIER = com.Test.SivaTestResult;
				PRODUCT_NAME = "$(TARGET_NAME)";
				SWIFT_EMIT_LOC_STRINGS = YES;
				SWIFT_VERSION = 5.0;
				TARGETED_DEVICE_FAMILY = "1,2";
			};
			name = Debug;
		};
		474224F92EEB3B8A00849E5E /* Release */ = {
			isa = XCBuildConfiguration;
			buildSettings = {
				ASSETCATALOG_COMPILER_APPICON_NAME = AppIcon;
				ASSETCATALOG_COMPILER_GLOBAL_ACCENT_COLOR_NAME = AccentColor;
				CODE_SIGN_STYLE = Automatic;
				CURRENT_PROJECT_VERSION = 1;
				ENABLE_PREVIEWS = YES;
				GENERATE_INFOPLIST_FILE = YES;
				INFOPLIST_KEY_UIApplicationSceneManifest_Generation = YES;
				INFOPLIST_KEY_UIApplicationSupportsIndirectInputEvents = YES;
				INFOPLIST_KEY_UILaunchScreen_Generation = YES;
				INFOPLIST_KEY_UISupportedInterfaceOrientations_iPad = "UIInterfaceOrientationPortrait UIInterfaceOrientationPortraitUpsideDown UIInterfaceOrientationLandscapeLeft UIInterfaceOrientationLandscapeRight";
				INFOPLIST_KEY_UISupportedInterfaceOrientations_iPhone = "UIInterfaceOrientationPortrait UIInterfaceOrientationLandscapeLeft UIInterfaceOrientationLandscapeRight";
				LD_RUNPATH_SEARCH_PATHS = (
					"$(inherited)",
					"@executable_path/Frameworks",
				);
				MARKETING_VERSION = 1.0;
				PRODUCT_BUNDLE_IDENTIFIER = com.Test.SivaTestResult;
				PRODUCT_NAME = "$(TARGET_NAME)";
				SWIFT_EMIT_LOC_STRINGS = YES;
				SWIFT_VERSION = 5.0;
				TARGETED_DEVICE_FAMILY = "1,2";
			};
			name = Release;
		};
		474224FB2EEB3B8A00849E5E /* Debug */ = {
			isa = XCBuildConfiguration;
			buildSettings = {
				BUNDLE_LOADER = "$(TEST_HOST)";
				CODE_SIGN_STYLE = Automatic;
				CURRENT_PROJECT_VERSION = 1;
				GENERATE_INFOPLIST_FILE = YES;
				IPHONEOS_DEPLOYMENT_TARGET = 18.4;
				MARKETING_VERSION = 1.0;
				PRODUCT_BUNDLE_IDENTIFIER = com.Test.SivaTestResultTests;
				PRODUCT_NAME = "$(TARGET_NAME)";
				SWIFT_EMIT_LOC_STRINGS = NO;
				SWIFT_VERSION = 5.0;
				TARGETED_DEVICE_FAMILY = "1,2";
				TEST_HOST = "$(BUILT_PRODUCTS_DIR)/SivaTestResult.app/$(BUNDLE_EXECUTABLE_FOLDER_PATH)/SivaTestResult";
			};
			name = Debug;
		};
		474224FC2EEB3B8A00849E5E /* Release */ = {
			isa = XCBuildConfiguration;
			buildSettings = {
				BUNDLE_LOADER = "$(TEST_HOST)";
				CODE_SIGN_STYLE = Automatic;
				CURRENT_PROJECT_VERSION = 1;
				GENERATE_INFOPLIST_FILE = YES;
				IPHONEOS_DEPLOYMENT_TARGET = 18.4;
				MARKETING_VERSION = 1.0;
				PRODUCT_BUNDLE_IDENTIFIER = com.Test.SivaTestResultTests;
				PRODUCT_NAME = "$(TARGET_NAME)";
				SWIFT_EMIT_LOC_STRINGS = NO;
				SWIFT_VERSION = 5.0;
				TARGETED_DEVICE_FAMILY = "1,2";
				TEST_HOST = "$(BUILT_PRODUCTS_DIR)/SivaTestResult.app/$(BUNDLE_EXECUTABLE_FOLDER_PATH)/SivaTestResult";
			};
			name = Release;
		};
		474224FE2EEB3B8A00849E5E /* Debug */ = {
			isa = XCBuildConfiguration;
			buildSettings = {
				CODE_SIGN_STYLE = Automatic;
				CURRENT_PROJECT_VERSION = 1;
				GENERATE_INFOPLIST_FILE = YES;
				MARKETING_VERSION = 1.0;
				PRODUCT_BUNDLE_IDENTIFIER = com.Test.SivaTestResultUITests;
				PRODUCT_NAME = "$(TARGET_NAME)";
				SWIFT_EMIT_LOC_STRINGS = NO;
				SWIFT_VERSION = 5.0;
				TARGETED_DEVICE_FAMILY = "1,2";
				TEST_TARGET_NAME = SivaTestResult;
			};
			name = Debug;
		};
		474224FF2EEB3B8A00849E5E /* Release */ = {
			isa = XCBuildConfiguration;
			buildSettings = {
				CODE_SIGN_STYLE = Automatic;
				CURRENT_PROJECT_VERSION = 1;
				GENERATE_INFOPLIST_FILE = YES;
				MARKETING_VERSION = 1.0;
				PRODUCT_BUNDLE_IDENTIFIER = com.Test.SivaTestResultUITests;
				PRODUCT_NAME = "$(TARGET_NAME)";
				SWIFT_EMIT_LOC_STRINGS = NO;
				SWIFT_VERSION = 5.0;
				TARGETED_DEVICE_FAMILY = "1,2";
				TEST_TARGET_NAME = SivaTestResult;
			};
			name = Release;
		};
/* End XCBuildConfiguration section */

/* Begin XCConfigurationList section */
		474224D12EEB3B8700849E5E /* Build configuration list for PBXProject "SivaTestResult" */ = {
			isa = XCConfigurationList;
			buildConfigurations = (
				474224F52EEB3B8A00849E5E /* Debug */,
				474224F62EEB3B8A00849E5E /* Release */,
			);
			defaultConfigurationIsVisible = 0;
			defaultConfigurationName = Release;
		};
		474224F72EEB3B8A00849E5E /* Build configuration list for PBXNativeTarget "SivaTestResult" */ = {
			isa = XCConfigurationList;
			buildConfigurations = (
				474224F82EEB3B8A00849E5E /* Debug */,
				474224F92EEB3B8A00849E5E /* Release */,
			);
			defaultConfigurationIsVisible = 0;
			defaultConfigurationName = Release;
		};
		474224FA2EEB3B8A00849E5E /* Build configuration list for PBXNativeTarget "SivaTestResultTests" */ = {
			isa = XCConfigurationList;
			buildConfigurations = (
				474224FB2EEB3B8A00849E5E /* Debug */,
				474224FC2EEB3B8A00849E5E /* Release */,
			);
			defaultConfigurationIsVisible = 0;
			defaultConfigurationName = Release;
		};
		474224FD2EEB3B8A00849E5E /* Build configuration list for PBXNativeTarget "SivaTestResultUITests" */ = {
			isa = XCConfigurationList;
			buildConfigurations = (
				474224FE2EEB3B8A00849E5E /* Debug */,
				474224FF2EEB3B8A00849E5E /* Release */,
			);
			defaultConfigurationIsVisible = 0;
			defaultConfigurationName = Release;
		};
/* End XCConfigurationList section */
	};
	rootObject = 474224CE2EEB3B8700849E5E /* Project object */;
}
